
Microsoft Visual Studio Solution File, Format Version 12.00
# Visual Studio 15
VisualStudioVersion = 15.0.27703.2047
MinimumVisualStudioVersion = 10.0.40219.1
Project("{FAE04EC0-301F-11D3-BF4B-00C04F79EFBC}") = "HireMeNow", "HireMeNow\HireMeNow.csproj", "{B957F9B7-8E31-42BE-B215-B4FBC434AB20}"
EndProject
Global
	GlobalSection(SolutionConfigurationPlatforms) = preSolution
		Debug|Any CPU = Debug|Any CPU
		Release|Any CPU = Release|Any CPU
	EndGlobalSection
	GlobalSection(ProjectConfigurationPlatforms) = postSolution
		{B957F9B7-8E31-42BE-B215-B4FBC434AB20}.Debug|Any CPU.ActiveCfg = Debug|Any CPU
		{B957F9B7-8E31-42BE-B215-B4FBC434AB20}.Debug|Any CPU.Build.0 = Debug|Any CPU
		{B957F9B7-8E31-42BE-B215-B4FBC434AB20}.Release|Any CPU.ActiveCfg = Release|Any CPU
		{B957F9B7-8E31-42BE-B215-B4FBC434AB20}.Release|Any CPU.Build.0 = Release|Any CPU
	EndGlobalSection
	GlobalSection(SolutionProperties) = preSolution
		HideSolutionNode = FALSE
	EndGlobalSection
	GlobalSection(ExtensibilityGlobals) = postSolution
		SolutionGuid = {139493E5-863C-48EC-80B5-81E8126F70E9}
	EndGlobalSection
EndGlobal
